<?xml version="1.0" encoding="utf-8"?>
<Project ToolsVersion="4.0" xmlns="http://schemas.microsoft.com/developer/msbuild/2003">
  <ItemGroup>
    <Filter Include="Actor Files">
      <UniqueIdentifier>{34a702e0-2c0c-4af5-828f-90b55e0429ae}</UniqueIdentifier>
    </Filter>
    <Filter Include="Actor Files\player">
      <UniqueIdentifier>{094fae30-ef38-4aee-8e46-7c23d9aa2d6c}</UniqueIdentifier>
    </Filter>
    <Filter Include="Actor Files\aliens">
      <UniqueIdentifier>{774d6f91-fbdf-4ab0-a9f0-98f7cb2c8100}</UniqueIdentifier>
    </Filter>
    <Filter Include="Actor Files\grab">
      <UniqueIdentifier>{a3e3c57e-7533-4c40-9c0e-e45ecd250b84}</UniqueIdentifier>
    </Filter>
    <Filter Include="Game Files">
      <UniqueIdentifier>{765f2983-fa47-4a9c-b4ca-3f26085c060f}</UniqueIdentifier>
    </Filter>
    <Filter Include="Game Files\Environment">
      <UniqueIdentifier>{3536b84e-b9ce-4b7e-96fd-5347241620c2}</UniqueIdentifier>
    </Filter>
    <Filter Include="Game Files\Environment\Tornado">
      <UniqueIdentifier>{4f114d18-11d0-4ee7-b669-9726eefa5b64}</UniqueIdentifier>
    </Filter>
    <Filter Include="Vehicle Files">
      <UniqueIdentifier>{e4891928-a350-4026-b72b-807c69891a86}</UniqueIdentifier>
    </Filter>
    <Filter Include="Vehicle Files\Movement Files">
      <UniqueIdentifier>{e3ecffe2-b15d-4f7a-bf8d-f385d56713a3}</UniqueIdentifier>
    </Filter>
    <Filter Include="Vehicle Files\Damage Files">
      <UniqueIdentifier>{6b3ae51a-9fce-4821-9f2c-0b1149cc4d55}</UniqueIdentifier>
    </Filter>
    <Filter Include="Vehicle Files\Action Files">
      <UniqueIdentifier>{04a72778-4372-4ba5-a522-675bc75b65ee}</UniqueIdentifier>
    </Filter>
    <Filter Include="Item Files">
      <UniqueIdentifier>{e7c754ab-56f3-4e15-b2d1-02619e7ce8d9}</UniqueIdentifier>
    </Filter>
    <Filter Include="Item Files\Weapon Files">
      <UniqueIdentifier>{7e1cee88-8626-4306-92fb-01f0846bd31d}</UniqueIdentifier>
    </Filter>
    <Filter Include="Item Files\Weapon Files\Fire Modes">
      <UniqueIdentifier>{67e6eed4-1e66-48b4-b95d-8bb246b57aee}</UniqueIdentifier>
    </Filter>
    <Filter Include="Item Files\Weapon Files\Projectiles">
      <UniqueIdentifier>{fd9138a7-c338-4bff-8345-d8c676d98e9d}</UniqueIdentifier>
    </Filter>
    <Filter Include="Item Files\Weapon Files\Zoom Modes">
      <UniqueIdentifier>{0fd28a93-a4bf-442a-99d8-385b88844a1d}</UniqueIdentifier>
    </Filter>
    <Filter Include="Item Files\Weapon Files\Weapons">
      <UniqueIdentifier>{11c800bb-2783-4ec8-99eb-e3b9c9ecc546}</UniqueIdentifier>
    </Filter>
    <Filter Include="Item Files\Items">
      <UniqueIdentifier>{58185089-d818-4df8-8c04-2b99c2dc47c0}</UniqueIdentifier>
    </Filter>
    <Filter Include="Utility">
      <UniqueIdentifier>{ccb7450a-4bf7-4763-8b5c-71e2f11f5450}</UniqueIdentifier>
    </Filter>
    <Filter Include="HUD">
      <UniqueIdentifier>{0aba4dd0-68b2-4933-bdb3-6710d88fd3a5}</UniqueIdentifier>
    </Filter>
    <Filter Include="HUD\Tweaks">
      <UniqueIdentifier>{267faecc-481f-4584-8ca4-7a87730afc3c}</UniqueIdentifier>
    </Filter>
    <Filter Include="HUD\Main">
      <UniqueIdentifier>{8490273a-2ff8-4f3e-a96a-fd442ff3b396}</UniqueIdentifier>
    </Filter>
    <Filter Include="GameRules">
      <UniqueIdentifier>{da31a7dc-4e2d-491d-9444-0352c1b3125e}</UniqueIdentifier>
    </Filter>
    <Filter Include="Nodes">
      <UniqueIdentifier>{77a04f50-388c-4c1c-a349-83285c6acf31}</UniqueIdentifier>
    </Filter>
    <Filter Include="Menus">
      <UniqueIdentifier>{8fb534b1-a05a-4853-bbe5-6771764edae8}</UniqueIdentifier>
    </Filter>
    <Filter Include="Flash">
      <UniqueIdentifier>{659f43c4-541a-46f9-8e34-3207f75aab28}</UniqueIdentifier>
    </Filter>
    <Filter Include="LCD">
      <UniqueIdentifier>{4b51187c-6b0a-48dd-9b1d-17ea67a5a20e}</UniqueIdentifier>
    </Filter>
    <Filter Include="LCD\Pages">
      <UniqueIdentifier>{9e5df9f3-44bd-476e-ae29-453badb2f7e8}</UniqueIdentifier>
    </Filter>
    <Filter Include="Resources">
      <UniqueIdentifier>{563b05b9-8977-4a27-8e1d-303a70bedb99}</UniqueIdentifier>
    </Filter>
    <Filter Include="Resources\G15">
      <UniqueIdentifier>{2ea34489-cdc2-4464-859c-98d184a5d96d}</UniqueIdentifier>
    </Filter>
    <Filter Include="Resources\G15\Grenades">
      <UniqueIdentifier>{7f738534-3a16-4bfd-85e4-d38965a877ce}</UniqueIdentifier>
    </Filter>
    <Filter Include="Resources\G15\Items">
      <UniqueIdentifier>{c8b273c2-8672-4d11-b02f-54adf49ece90}</UniqueIdentifier>
    </Filter>
    <Filter Include="Resources\G15\Suit">
      <UniqueIdentifier>{9763ea2d-d8f8-4637-af91-5393ae010562}</UniqueIdentifier>
    </Filter>
    <Filter Include="Resources\G15\Vehicles">
      <UniqueIdentifier>{e45613b4-f6d0-4175-aa8a-a9d269722d9f}</UniqueIdentifier>
    </Filter>
    <Filter Include="Expansion">
      <UniqueIdentifier>{ea03f28a-7733-4c5b-bf55-ce837c963d3c}</UniqueIdentifier>
    </Filter>
    <Filter Include="Expansion\Weapons">
      <UniqueIdentifier>{871f2243-b970-46a5-88a6-100f10837865}</UniqueIdentifier>
    </Filter>
  </ItemGroup>
  <ItemGroup>
    <ClCompile Include="Actor.cpp">
      <Filter>Actor Files</Filter>
    </ClCompile>
    <ClCompile Include="ScreenEffects.cpp">
      <Filter>Actor Files</Filter>
    </ClCompile>
    <ClCompile Include="ScriptBind_Actor.cpp">
      <Filter>Actor Files</Filter>
    </ClCompile>
    <ClCompile Include="Shark.cpp">
      <Filter>Actor Files</Filter>
    </ClCompile>
    <ClCompile Include="SharkMovementController.cpp">
      <Filter>Actor Files</Filter>
    </ClCompile>
    <ClCompile Include="NanoSuit.cpp">
      <Filter>Actor Files\player</Filter>
    </ClCompile>
    <ClCompile Include="NetPlayerInput.cpp">
      <Filter>Actor Files\player</Filter>
    </ClCompile>
    <ClCompile Include="Player.cpp">
      <Filter>Actor Files\player</Filter>
    </ClCompile>
    <ClCompile Include="PlayerInput.cpp">
      <Filter>Actor Files\player</Filter>
    </ClCompile>
    <ClCompile Include="PlayerMovement.cpp">
      <Filter>Actor Files\player</Filter>
    </ClCompile>
    <ClCompile Include="PlayerMovementController.cpp">
      <Filter>Actor Files\player</Filter>
    </ClCompile>
    <ClCompile Include="PlayerRotation.cpp">
      <Filter>Actor Files\player</Filter>
    </ClCompile>
    <ClCompile Include="PlayerView.cpp">
      <Filter>Actor Files\player</Filter>
    </ClCompile>
    <ClCompile Include="WeaponAttachmentManager.cpp">
      <Filter>Actor Files\player</Filter>
    </ClCompile>
    <ClCompile Include="Alien.cpp">
      <Filter>Actor Files\aliens</Filter>
    </ClCompile>
    <ClCompile Include="CompatibilityAlienMovementController.cpp">
      <Filter>Actor Files\aliens</Filter>
    </ClCompile>
    <ClCompile Include="Hunter.cpp">
      <Filter>Actor Files\aliens</Filter>
    </ClCompile>
    <ClCompile Include="Observer.cpp">
      <Filter>Actor Files\aliens</Filter>
    </ClCompile>
    <ClCompile Include="Scout.cpp">
      <Filter>Actor Files\aliens</Filter>
    </ClCompile>
    <ClCompile Include="Trooper.cpp">
      <Filter>Actor Files\aliens</Filter>
    </ClCompile>
    <ClCompile Include="GrabHandler.cpp">
      <Filter>Actor Files\grab</Filter>
    </ClCompile>
    <ClCompile Include="BulletTime.cpp">
      <Filter>Game Files</Filter>
    </ClCompile>
    <ClCompile Include="ClientSynchedStorage.cpp">
      <Filter>Game Files</Filter>
    </ClCompile>
    <ClCompile Include="DownloadTask.cpp">
      <Filter>Game Files</Filter>
    </ClCompile>
    <ClCompile Include="Game.cpp">
      <Filter>Game Files</Filter>
    </ClCompile>
    <ClCompile Include="GameActions.cpp">
      <Filter>Game Files</Filter>
    </ClCompile>
    <ClCompile Include="GameCVars.cpp">
      <Filter>Game Files</Filter>
    </ClCompile>
    <ClCompile Include="GameDll.cpp">
      <Filter>Game Files</Filter>
    </ClCompile>
    <ClCompile Include="GameFactory.cpp">
      <Filter>Game Files</Filter>
    </ClCompile>
    <ClCompile Include="MPTutorial.cpp">
      <Filter>Game Files</Filter>
    </ClCompile>
    <ClCompile Include="Radio.cpp">
      <Filter>Game Files</Filter>
    </ClCompile>
    <ClCompile Include="ScriptBind_Game.cpp">
      <Filter>Game Files</Filter>
    </ClCompile>
    <ClCompile Include="ScriptControlledPhysics.cpp">
      <Filter>Game Files</Filter>
    </ClCompile>
    <ClCompile Include="ServerSynchedStorage.cpp">
      <Filter>Game Files</Filter>
    </ClCompile>
    <ClCompile Include="SoundMoods.cpp">
      <Filter>Game Files</Filter>
    </ClCompile>
    <ClCompile Include="SPAnalyst.cpp">
      <Filter>Game Files</Filter>
    </ClCompile>
    <ClCompile Include="SynchedStorage.cpp">
      <Filter>Game Files</Filter>
    </ClCompile>
    <ClCompile Include="Voting.cpp">
      <Filter>Game Files</Filter>
    </ClCompile>
    <ClCompile Include="Environment\BattleDust.cpp">
      <Filter>Game Files\Environment</Filter>
    </ClCompile>
    <ClCompile Include="Environment\Shake.cpp">
      <Filter>Game Files\Environment</Filter>
    </ClCompile>
    <ClCompile Include="Environment\FlowTornado.cpp">
      <Filter>Game Files\Environment\Tornado</Filter>
    </ClCompile>
    <ClCompile Include="Environment\Tornado.cpp">
      <Filter>Game Files\Environment\Tornado</Filter>
    </ClCompile>
    <ClCompile Include="VehicleClient.cpp">
      <Filter>Vehicle Files</Filter>
    </ClCompile>
    <ClCompile Include="VehicleMovementTweaks.cpp">
      <Filter>Vehicle Files</Filter>
    </ClCompile>
    <ClCompile Include="VehicleMovementAmphibious.cpp">
      <Filter>Vehicle Files\Movement Files</Filter>
    </ClCompile>
    <ClCompile Include="VehicleMovementBase.cpp">
      <Filter>Vehicle Files\Movement Files</Filter>
    </ClCompile>
    <ClCompile Include="VehicleMovementHelicopter.cpp">
      <Filter>Vehicle Files\Movement Files</Filter>
    </ClCompile>
    <ClCompile Include="VehicleMovementHovercraft.cpp">
      <Filter>Vehicle Files\Movement Files</Filter>
    </ClCompile>
    <ClCompile Include="VehicleMovementStdBoat.cpp">
      <Filter>Vehicle Files\Movement Files</Filter>
    </ClCompile>
    <ClCompile Include="VehicleMovementStdWheeled.cpp">
      <Filter>Vehicle Files\Movement Files</Filter>
    </ClCompile>
    <ClCompile Include="VehicleMovementTank.cpp">
      <Filter>Vehicle Files\Movement Files</Filter>
    </ClCompile>
    <ClCompile Include="VehicleMovementVTOL.cpp">
      <Filter>Vehicle Files\Movement Files</Filter>
    </ClCompile>
    <ClCompile Include="VehicleMovementWarrior.cpp">
      <Filter>Vehicle Files\Movement Files</Filter>
    </ClCompile>
    <ClCompile Include="VehicleDamageBehaviorBurn.cpp">
      <Filter>Vehicle Files\Damage Files</Filter>
    </ClCompile>
    <ClCompile Include="VehicleDamageBehaviorCameraShake.cpp">
      <Filter>Vehicle Files\Damage Files</Filter>
    </ClCompile>
    <ClCompile Include="VehicleDamageBehaviorCollisionEx.cpp">
      <Filter>Vehicle Files\Damage Files</Filter>
    </ClCompile>
    <ClCompile Include="VehicleDamageBehaviorExplosion.cpp">
      <Filter>Vehicle Files\Damage Files</Filter>
    </ClCompile>
    <ClCompile Include="VehicleDamageBehaviorTire.cpp">
      <Filter>Vehicle Files\Damage Files</Filter>
    </ClCompile>
    <ClCompile Include="VehicleActionAutomaticDoor.cpp">
      <Filter>Vehicle Files\Action Files</Filter>
    </ClCompile>
    <ClCompile Include="VehicleActionDeployRope.cpp">
      <Filter>Vehicle Files\Action Files</Filter>
    </ClCompile>
    <ClCompile Include="VehicleActionEntityAttachment.cpp">
      <Filter>Vehicle Files\Action Files</Filter>
    </ClCompile>
    <ClCompile Include="VehicleActionLandingGears.cpp">
      <Filter>Vehicle Files\Action Files</Filter>
    </ClCompile>
    <ClCompile Include="FlowItemAnimation.cpp">
      <Filter>Item Files</Filter>
    </ClCompile>
    <ClCompile Include="Item.cpp">
      <Filter>Item Files</Filter>
    </ClCompile>
    <ClCompile Include="ItemAccessory.cpp">
      <Filter>Item Files</Filter>
    </ClCompile>
    <ClCompile Include="ItemClientServer.cpp">
      <Filter>Item Files</Filter>
    </ClCompile>
    <ClCompile Include="ItemDualWield.cpp">
      <Filter>Item Files</Filter>
    </ClCompile>
    <ClCompile Include="ItemEffect.cpp">
      <Filter>Item Files</Filter>
    </ClCompile>
    <ClCompile Include="ItemEvents.cpp">
      <Filter>Item Files</Filter>
    </ClCompile>
    <ClCompile Include="ItemParams.cpp">
      <Filter>Item Files</Filter>
    </ClCompile>
    <ClCompile Include="ItemResource.cpp">
      <Filter>Item Files</Filter>
    </ClCompile>
    <ClCompile Include="ItemScheduler.cpp">
      <Filter>Item Files</Filter>
    </ClCompile>
    <ClCompile Include="ItemSharedParams.cpp">
      <Filter>Item Files</Filter>
    </ClCompile>
    <ClCompile Include="ItemView.cpp">
      <Filter>Item Files</Filter>
    </ClCompile>
    <ClCompile Include="ScriptBind_Item.cpp">
      <Filter>Item Files</Filter>
    </ClCompile>
    <ClCompile Include="AmmoParams.cpp">
      <Filter>Item Files\Weapon Files</Filter>
    </ClCompile>
    <ClCompile Include="Projectile.cpp">
      <Filter>Item Files\Weapon Files</Filter>
    </ClCompile>
    <ClCompile Include="ScriptBind_Weapon.cpp">
      <Filter>Item Files\Weapon Files</Filter>
    </ClCompile>
    <ClCompile Include="TracerManager.cpp">
      <Filter>Item Files\Weapon Files</Filter>
    </ClCompile>
    <ClCompile Include="Weapon.cpp">
      <Filter>Item Files\Weapon Files</Filter>
    </ClCompile>
    <ClCompile Include="WeaponClientServer.cpp">
      <Filter>Item Files\Weapon Files</Filter>
    </ClCompile>
    <ClCompile Include="WeaponEvent.cpp">
      <Filter>Item Files\Weapon Files</Filter>
    </ClCompile>
    <ClCompile Include="WeaponInput.cpp">
      <Filter>Item Files\Weapon Files</Filter>
    </ClCompile>
    <ClCompile Include="WeaponSystem.cpp">
      <Filter>Item Files\Weapon Files</Filter>
    </ClCompile>
    <ClCompile Include="Automatic.cpp">
      <Filter>Item Files\Weapon Files\Fire Modes</Filter>
    </ClCompile>
    <ClCompile Include="Beam.cpp">
      <Filter>Item Files\Weapon Files\Fire Modes</Filter>
    </ClCompile>
    <ClCompile Include="Burst.cpp">
      <Filter>Item Files\Weapon Files\Fire Modes</Filter>
    </ClCompile>
    <ClCompile Include="Charge.cpp">
      <Filter>Item Files\Weapon Files\Fire Modes</Filter>
    </ClCompile>
    <ClCompile Include="Detonate.cpp">
      <Filter>Item Files\Weapon Files\Fire Modes</Filter>
    </ClCompile>
    <ClCompile Include="FreezingBeam.cpp">
      <Filter>Item Files\Weapon Files\Fire Modes</Filter>
    </ClCompile>
    <ClCompile Include="Melee.cpp">
      <Filter>Item Files\Weapon Files\Fire Modes</Filter>
    </ClCompile>
    <ClCompile Include="Plant.cpp">
      <Filter>Item Files\Weapon Files\Fire Modes</Filter>
    </ClCompile>
    <ClCompile Include="Rapid.cpp">
      <Filter>Item Files\Weapon Files\Fire Modes</Filter>
    </ClCompile>
    <ClCompile Include="Scan.cpp">
      <Filter>Item Files\Weapon Files\Fire Modes</Filter>
    </ClCompile>
    <ClCompile Include="Shotgun.cpp">
      <Filter>Item Files\Weapon Files\Fire Modes</Filter>
    </ClCompile>
    <ClCompile Include="Single.cpp">
      <Filter>Item Files\Weapon Files\Fire Modes</Filter>
    </ClCompile>
    <ClCompile Include="SingleTG.cpp">
      <Filter>Item Files\Weapon Files\Fire Modes</Filter>
    </ClCompile>
    <ClCompile Include="Throw.cpp">
      <Filter>Item Files\Weapon Files\Fire Modes</Filter>
    </ClCompile>
    <ClCompile Include="WorkOnTarget.cpp">
      <Filter>Item Files\Weapon Files\Fire Modes</Filter>
    </ClCompile>
    <ClCompile Include="AVMine.cpp">
      <Filter>Item Files\Weapon Files\Projectiles</Filter>
    </ClCompile>
    <ClCompile Include="Bullet.cpp">
      <Filter>Item Files\Weapon Files\Projectiles</Filter>
    </ClCompile>
    <ClCompile Include="C4Projectile.cpp">
      <Filter>Item Files\Weapon Files\Projectiles</Filter>
    </ClCompile>
    <ClCompile Include="Claymore.cpp">
      <Filter>Item Files\Weapon Files\Projectiles</Filter>
    </ClCompile>
    <ClCompile Include="EMPField.cpp">
      <Filter>Item Files\Weapon Files\Projectiles</Filter>
    </ClCompile>
    <ClCompile Include="HomingMissile.cpp">
      <Filter>Item Files\Weapon Files\Projectiles</Filter>
    </ClCompile>
    <ClCompile Include="Rock.cpp">
      <Filter>Item Files\Weapon Files\Projectiles</Filter>
    </ClCompile>
    <ClCompile Include="Rocket.cpp">
      <Filter>Item Files\Weapon Files\Projectiles</Filter>
    </ClCompile>
    <ClCompile Include="TacBullet.cpp">
      <Filter>Item Files\Weapon Files\Projectiles</Filter>
    </ClCompile>
    <ClCompile Include="TagBullet.cpp">
      <Filter>Item Files\Weapon Files\Projectiles</Filter>
    </ClCompile>
    <ClCompile Include="IronSight.cpp">
      <Filter>Item Files\Weapon Files\Zoom Modes</Filter>
    </ClCompile>
    <ClCompile Include="Scope.cpp">
      <Filter>Item Files\Weapon Files\Zoom Modes</Filter>
    </ClCompile>
    <ClCompile Include="AmmoPickup.cpp">
      <Filter>Item Files\Weapon Files\Weapons</Filter>
    </ClCompile>
    <ClCompile Include="Binocular.cpp">
      <Filter>Item Files\Weapon Files\Weapons</Filter>
    </ClCompile>
    <ClCompile Include="C4.cpp">
      <Filter>Item Files\Weapon Files\Weapons</Filter>
    </ClCompile>
    <ClCompile Include="C4Detonator.cpp">
      <Filter>Item Files\Weapon Files\Weapons</Filter>
    </ClCompile>
    <ClCompile Include="DebugGun.cpp">
      <Filter>Item Files\Weapon Files\Weapons</Filter>
    </ClCompile>
    <ClCompile Include="Fists.cpp">
      <Filter>Item Files\Weapon Files\Weapons</Filter>
    </ClCompile>
    <ClCompile Include="GunTurret.cpp">
      <Filter>Item Files\Weapon Files\Weapons</Filter>
    </ClCompile>
    <ClCompile Include="OffHand.cpp">
      <Filter>Item Files\Weapon Files\Weapons</Filter>
    </ClCompile>
    <ClCompile Include="ReferenceWeapon.cpp">
      <Filter>Item Files\Weapon Files\Weapons</Filter>
    </ClCompile>
    <ClCompile Include="RocketLauncher.cpp">
      <Filter>Item Files\Weapon Files\Weapons</Filter>
    </ClCompile>
    <ClCompile Include="TacLauncher.cpp">
      <Filter>Item Files\Weapon Files\Weapons</Filter>
    </ClCompile>
    <ClCompile Include="ThrowableWeapon.cpp">
      <Filter>Item Files\Weapon Files\Weapons</Filter>
    </ClCompile>
    <ClCompile Include="VehicleWeapon.cpp">
      <Filter>Item Files\Weapon Files\Weapons</Filter>
    </ClCompile>
    <ClCompile Include="Lam.cpp">
      <Filter>Item Files\Items</Filter>
    </ClCompile>
    <ClCompile Include="PlayerFeature.cpp">
      <Filter>Item Files\Items</Filter>
    </ClCompile>
    <ClCompile Include="LaptopUtil.cpp">
      <Filter>Utility</Filter>
    </ClCompile>
    <ClCompile Include="NetInputChainDebug.cpp">
      <Filter>Utility</Filter>
    </ClCompile>
    <ClCompile Include="ScriptUtils.cpp">
      <Filter>Utility</Filter>
    </ClCompile>
    <ClCompile Include="Hud\GameFlashAnimation.cpp">
      <Filter>HUD</Filter>
    </ClCompile>
    <ClCompile Include="HUD\GameFlashLogic.cpp">
      <Filter>HUD</Filter>
    </ClCompile>
    <ClCompile Include="Hud\HUD.cpp">
      <Filter>HUD</Filter>
    </ClCompile>
    <ClCompile Include="HUD\HUDCommon.cpp">
      <Filter>HUD</Filter>
    </ClCompile>
    <ClCompile Include="HUD\HUDCrosshair.cpp">
      <Filter>HUD</Filter>
    </ClCompile>
    <ClCompile Include="HUD\HUDInstantAction.cpp">
      <Filter>HUD</Filter>
    </ClCompile>
    <ClCompile Include="HUD\HUDMissionObjectiveSystem.cpp">
      <Filter>HUD</Filter>
    </ClCompile>
    <ClCompile Include="HUD\HUDObituary.cpp">
      <Filter>HUD</Filter>
    </ClCompile>
    <ClCompile Include="Hud\HUDObject.cpp">
      <Filter>HUD</Filter>
    </ClCompile>
    <ClCompile Include="HUD\HUDPowerStruggle.cpp">
      <Filter>HUD</Filter>
    </ClCompile>
    <ClCompile Include="Hud\HUDRadar.cpp">
      <Filter>HUD</Filter>
    </ClCompile>
    <ClCompile Include="HUD\HUDScopes.cpp">
      <Filter>HUD</Filter>
    </ClCompile>
    <ClCompile Include="HUD\HUDScore.cpp">
      <Filter>HUD</Filter>
    </ClCompile>
    <ClCompile Include="HUD\HUDSilhouettes.cpp">
      <Filter>HUD</Filter>
    </ClCompile>
    <ClCompile Include="HUD\HUDTagNames.cpp">
      <Filter>HUD</Filter>
    </ClCompile>
    <ClCompile Include="HUD\HUDTeamInstantAction.cpp">
      <Filter>HUD</Filter>
    </ClCompile>
    <ClCompile Include="HUD\HUDTextArea.cpp">
      <Filter>HUD</Filter>
    </ClCompile>
    <ClCompile Include="HUD\HUDTextChat.cpp">
      <Filter>HUD</Filter>
    </ClCompile>
    <ClCompile Include="HUD\HUDVehicleInterface.cpp">
      <Filter>HUD</Filter>
    </ClCompile>
    <ClCompile Include="HUD\ScriptBind_HUD.cpp">
      <Filter>HUD</Filter>
    </ClCompile>
    <ClCompile Include="HUD\Tweaks\HUDTweakMenu.cpp">
      <Filter>HUD\Tweaks</Filter>
    </ClCompile>
    <ClCompile Include="HUD\Tweaks\TweakCommon.cpp">
      <Filter>HUD\Tweaks</Filter>
    </ClCompile>
    <ClCompile Include="HUD\Tweaks\TweakMenu.cpp">
      <Filter>HUD\Tweaks</Filter>
    </ClCompile>
    <ClCompile Include="HUD\Tweaks\TweakMetadata.cpp">
      <Filter>HUD\Tweaks</Filter>
    </ClCompile>
    <ClCompile Include="HUD\Tweaks\TweakMetadataCVAR.cpp">
      <Filter>HUD\Tweaks</Filter>
    </ClCompile>
    <ClCompile Include="HUD\Tweaks\TweakMetadataLUA.cpp">
      <Filter>HUD\Tweaks</Filter>
    </ClCompile>
    <ClCompile Include="HUD\Tweaks\TweakTraverser.cpp">
      <Filter>HUD\Tweaks</Filter>
    </ClCompile>
    <ClCompile Include="HUD\HUDAirStrike.cpp">
      <Filter>HUD\Main</Filter>
    </ClCompile>
    <ClCompile Include="HUD\HUDInterfaceEffects.cpp">
      <Filter>HUD\Main</Filter>
    </ClCompile>
    <ClCompile Include="HUD\HUDPDA.cpp">
      <Filter>HUD\Main</Filter>
    </ClCompile>
    <ClCompile Include="HUD\HUDSoundImpl.cpp">
      <Filter>HUD\Main</Filter>
    </ClCompile>
    <ClCompile Include="HUD\HUDTextEvents.cpp">
      <Filter>HUD\Main</Filter>
    </ClCompile>
    <ClCompile Include="HUD\HUDWeaponAccessories.cpp">
      <Filter>HUD\Main</Filter>
    </ClCompile>
    <ClCompile Include="GameRules.cpp">
      <Filter>GameRules</Filter>
    </ClCompile>
    <ClCompile Include="GameRulesClientServer.cpp">
      <Filter>GameRules</Filter>
    </ClCompile>
    <ClCompile Include="ScriptBind_GameRules.cpp">
      <Filter>GameRules</Filter>
    </ClCompile>
    <ClCompile Include="ShotValidator.cpp">
      <Filter>GameRules</Filter>
    </ClCompile>
    <ClCompile Include="Nodes\FlowActorSensor.cpp">
      <Filter>Nodes</Filter>
    </ClCompile>
    <ClCompile Include="Nodes\FlowFadeNode.cpp">
      <Filter>Nodes</Filter>
    </ClCompile>
    <ClCompile Include="Nodes\FlowHitInfoNode.cpp">
      <Filter>Nodes</Filter>
    </ClCompile>
    <ClCompile Include="Nodes\FlowNanoSuitNodes.cpp">
      <Filter>Nodes</Filter>
    </ClCompile>
    <ClCompile Include="Nodes\FlowPlayerStagingNode.cpp">
      <Filter>Nodes</Filter>
    </ClCompile>
    <ClCompile Include="Nodes\FlowPostFXNodes.cpp">
      <Filter>Nodes</Filter>
    </ClCompile>
    <ClCompile Include="FlowVehicleNodes.cpp">
      <Filter>Nodes</Filter>
    </ClCompile>
    <ClCompile Include="Nodes\HUDNodes.cpp">
      <Filter>Nodes</Filter>
    </ClCompile>
    <ClCompile Include="Nodes\MPNodes.cpp">
      <Filter>Nodes</Filter>
    </ClCompile>
    <ClCompile Include="Nodes\WeaponNodes.cpp">
      <Filter>Nodes</Filter>
    </ClCompile>
    <ClCompile Include="Menus\CreateGame.cpp">
      <Filter>Menus</Filter>
    </ClCompile>
    <ClCompile Include="Menus\FlashMenuObject.cpp">
      <Filter>Menus</Filter>
    </ClCompile>
    <ClCompile Include="Menus\FlashMenuObjectOptions.cpp">
      <Filter>Menus</Filter>
    </ClCompile>
    <ClCompile Include="Menus\FlashMenuObjectProfiles.cpp">
      <Filter>Menus</Filter>
    </ClCompile>
    <ClCompile Include="Menus\FlashMenuObjectSingleplayer.cpp">
      <Filter>Menus</Filter>
    </ClCompile>
    <ClCompile Include="Menus\FlashMenuScreen.cpp">
      <Filter>Menus</Filter>
    </ClCompile>
    <ClCompile Include="Menus\GameNetworkProfile.cpp">
      <Filter>Menus</Filter>
    </ClCompile>
    <ClCompile Include="Menus\MovieManager.cpp">
      <Filter>Menus</Filter>
    </ClCompile>
    <ClCompile Include="Menus\MPHub.cpp">
      <Filter>Menus</Filter>
    </ClCompile>
    <ClCompile Include="Menus\MPLobbyUI.cpp">
      <Filter>Menus</Filter>
    </ClCompile>
    <ClCompile Include="Menus\MultiplayerMenu.cpp">
      <Filter>Menus</Filter>
    </ClCompile>
    <ClCompile Include="Menus\OptionsManager.cpp">
      <Filter>Menus</Filter>
    </ClCompile>
    <ClCompile Include="Menus\QuickGame.cpp">
      <Filter>Menus</Filter>
    </ClCompile>
    <ClCompile Include="FlashAnimation.cpp">
      <Filter>Flash</Filter>
    </ClCompile>
    <ClCompile Include="LCD\LCDImage.cpp">
      <Filter>LCD</Filter>
    </ClCompile>
    <ClCompile Include="LCD\LCDPage.cpp">
      <Filter>LCD</Filter>
    </ClCompile>
    <ClCompile Include="LCD\LCDWrapper.cpp">
      <Filter>LCD</Filter>
    </ClCompile>
    <ClCompile Include="LCD\Pages\GameStatus.cpp">
      <Filter>LCD\Pages</Filter>
    </ClCompile>
    <ClCompile Include="LCD\Pages\PlayerStatus.cpp">
      <Filter>LCD\Pages</Filter>
    </ClCompile>
    <ClCompile Include="Expansion\Weapons\GrenadeLaunch.cpp">
      <Filter>Expansion\Weapons</Filter>
    </ClCompile>
    <ClCompile Include="Expansion\Weapons\RemoteGrenade.cpp">
      <Filter>Expansion\Weapons</Filter>
    </ClCompile>
    <ClCompile Include="DllMain.cpp" />
    <ClCompile Include="StdAfx.cpp" />
  </ItemGroup>
  <ItemGroup>
    <ClInclude Include="Actor.h">
      <Filter>Actor Files</Filter>
    </ClInclude>
    <ClInclude Include="AIDemoInput.h">
      <Filter>Actor Files</Filter>
    </ClInclude>
    <ClInclude Include="ScreenEffects.h">
      <Filter>Actor Files</Filter>
    </ClInclude>
    <ClInclude Include="ScriptBind_Actor.h">
      <Filter>Actor Files</Filter>
    </ClInclude>
    <ClInclude Include="Shark.h">
      <Filter>Actor Files</Filter>
    </ClInclude>
    <ClInclude Include="SharkMovementController.h">
      <Filter>Actor Files</Filter>
    </ClInclude>
    <ClInclude Include="IPlayerInput.h">
      <Filter>Actor Files\player</Filter>
    </ClInclude>
    <ClInclude Include="NanoSuit.h">
      <Filter>Actor Files\player</Filter>
    </ClInclude>
    <ClInclude Include="NetPlayerInput.h">
      <Filter>Actor Files\player</Filter>
    </ClInclude>
    <ClInclude Include="Player.h">
      <Filter>Actor Files\player</Filter>
    </ClInclude>
    <ClInclude Include="PlayerInput.h">
      <Filter>Actor Files\player</Filter>
    </ClInclude>
    <ClInclude Include="PlayerMovement.h">
      <Filter>Actor Files\player</Filter>
    </ClInclude>
    <ClInclude Include="PlayerMovementController.h">
      <Filter>Actor Files\player</Filter>
    </ClInclude>
    <ClInclude Include="PlayerRotation.h">
      <Filter>Actor Files\player</Filter>
    </ClInclude>
    <ClInclude Include="PlayerView.h">
      <Filter>Actor Files\player</Filter>
    </ClInclude>
    <ClInclude Include="WeaponAttachmentManager.h">
      <Filter>Actor Files\player</Filter>
    </ClInclude>
    <ClInclude Include="CompatibilityAlienMovementController.h">
      <Filter>Actor Files\aliens</Filter>
    </ClInclude>
    <ClInclude Include="Hunter.h">
      <Filter>Actor Files\aliens</Filter>
    </ClInclude>
    <ClInclude Include="Observer.h">
      <Filter>Actor Files\aliens</Filter>
    </ClInclude>
    <ClInclude Include="Scout.h">
      <Filter>Actor Files\aliens</Filter>
    </ClInclude>
    <ClInclude Include="Trooper.h">
      <Filter>Actor Files\aliens</Filter>
    </ClInclude>
    <ClInclude Include="GrabHandler.h">
      <Filter>Actor Files\grab</Filter>
    </ClInclude>
    <ClInclude Include="BulletTime.h">
      <Filter>Game Files</Filter>
    </ClInclude>
    <ClInclude Include="ClientSynchedStorage.h">
      <Filter>Game Files</Filter>
    </ClInclude>
    <ClInclude Include="DownloadTask.h">
      <Filter>Game Files</Filter>
    </ClInclude>
    <ClInclude Include="Game.h">
      <Filter>Game Files</Filter>
    </ClInclude>
    <ClInclude Include="GameActions.h">
      <Filter>Game Files</Filter>
    </ClInclude>
    <ClInclude Include="GameCVars.h">
      <Filter>Game Files</Filter>
    </ClInclude>
    <ClInclude Include="GameFactory.h">
      <Filter>Game Files</Filter>
    </ClInclude>
    <ClInclude Include="MPTutorial.h">
      <Filter>Game Files</Filter>
    </ClInclude>
    <ClInclude Include="Radio.h">
      <Filter>Game Files</Filter>
    </ClInclude>
    <ClInclude Include="ScriptBind_Game.h">
      <Filter>Game Files</Filter>
    </ClInclude>
    <ClInclude Include="ScriptControlledPhysics.h">
      <Filter>Game Files</Filter>
    </ClInclude>
    <ClInclude Include="ServerSynchedStorage.h">
      <Filter>Game Files</Filter>
    </ClInclude>
    <ClInclude Include="SoundMoods.h">
      <Filter>Game Files</Filter>
    </ClInclude>
    <ClInclude Include="SPAnalyst.h">
      <Filter>Game Files</Filter>
    </ClInclude>
    <ClInclude Include="SynchedStorage.h">
      <Filter>Game Files</Filter>
    </ClInclude>
    <ClInclude Include="Voting.h">
      <Filter>Game Files</Filter>
    </ClInclude>
    <ClInclude Include="Environment\BattleDust.h">
      <Filter>Game Files\Environment</Filter>
    </ClInclude>
    <ClInclude Include="Environment\Shake.h">
      <Filter>Game Files\Environment</Filter>
    </ClInclude>
    <ClInclude Include="Environment\FlowTornado.h">
      <Filter>Game Files\Environment\Tornado</Filter>
    </ClInclude>
    <ClInclude Include="Environment\Tornado.h">
      <Filter>Game Files\Environment\Tornado</Filter>
    </ClInclude>
    <ClInclude Include="VehicleClient.h">
      <Filter>Vehicle Files</Filter>
    </ClInclude>
    <ClInclude Include="VehicleMovementTweaks.h">
      <Filter>Vehicle Files</Filter>
    </ClInclude>
    <ClInclude Include="VehicleMovementAmphibious.h">
      <Filter>Vehicle Files\Movement Files</Filter>
    </ClInclude>
    <ClInclude Include="VehicleMovementBase.h">
      <Filter>Vehicle Files\Movement Files</Filter>
    </ClInclude>
    <ClInclude Include="VehicleMovementHelicopter.h">
      <Filter>Vehicle Files\Movement Files</Filter>
    </ClInclude>
    <ClInclude Include="VehicleMovementHovercraft.h">
      <Filter>Vehicle Files\Movement Files</Filter>
    </ClInclude>
    <ClInclude Include="VehicleMovementStdBoat.h">
      <Filter>Vehicle Files\Movement Files</Filter>
    </ClInclude>
    <ClInclude Include="VehicleMovementStdWheeled.h">
      <Filter>Vehicle Files\Movement Files</Filter>
    </ClInclude>
    <ClInclude Include="VehicleMovementTank.h">
      <Filter>Vehicle Files\Movement Files</Filter>
    </ClInclude>
    <ClInclude Include="VehicleMovementVTOL.h">
      <Filter>Vehicle Files\Movement Files</Filter>
    </ClInclude>
    <ClInclude Include="VehicleMovementWarrior.h">
      <Filter>Vehicle Files\Movement Files</Filter>
    </ClInclude>
    <ClInclude Include="VehicleDamageBehaviorBurn.h">
      <Filter>Vehicle Files\Damage Files</Filter>
    </ClInclude>
    <ClInclude Include="VehicleDamageBehaviorCameraShake.h">
      <Filter>Vehicle Files\Damage Files</Filter>
    </ClInclude>
    <ClInclude Include="VehicleDamageBehaviorCollisionEx.h">
      <Filter>Vehicle Files\Damage Files</Filter>
    </ClInclude>
    <ClInclude Include="VehicleDamageBehaviorExplosion.h">
      <Filter>Vehicle Files\Damage Files</Filter>
    </ClInclude>
    <ClInclude Include="VehicleDamageBehaviorTire.h">
      <Filter>Vehicle Files\Damage Files</Filter>
    </ClInclude>
    <ClInclude Include="VehicleActionAutomaticDoor.h">
      <Filter>Vehicle Files\Action Files</Filter>
    </ClInclude>
    <ClInclude Include="VehicleActionDeployRope.h">
      <Filter>Vehicle Files\Action Files</Filter>
    </ClInclude>
    <ClInclude Include="VehicleActionEntityAttachment.h">
      <Filter>Vehicle Files\Action Files</Filter>
    </ClInclude>
    <ClInclude Include="VehicleActionLandingGears.h">
      <Filter>Vehicle Files\Action Files</Filter>
    </ClInclude>
    <ClInclude Include="FlowItemAnimation.h">
      <Filter>Item Files</Filter>
    </ClInclude>
    <ClInclude Include="Item.h">
      <Filter>Item Files</Filter>
    </ClInclude>
    <ClInclude Include="ItemParamReader.h">
      <Filter>Item Files</Filter>
    </ClInclude>
    <ClInclude Include="ItemScheduler.h">
      <Filter>Item Files</Filter>
    </ClInclude>
    <ClInclude Include="ItemSharedParams.h">
      <Filter>Item Files</Filter>
    </ClInclude>
    <ClInclude Include="ItemString.h">
      <Filter>Item Files</Filter>
    </ClInclude>
    <ClInclude Include="ScriptBind_Item.h">
      <Filter>Item Files</Filter>
    </ClInclude>
    <ClInclude Include="AmmoParams.h">
      <Filter>Item Files\Weapon Files</Filter>
    </ClInclude>
    <ClInclude Include="Projectile.h">
      <Filter>Item Files\Weapon Files</Filter>
    </ClInclude>
    <ClInclude Include="ScriptBind_Weapon.h">
      <Filter>Item Files\Weapon Files</Filter>
    </ClInclude>
    <ClInclude Include="TracerManager.h">
      <Filter>Item Files\Weapon Files</Filter>
    </ClInclude>
    <ClInclude Include="Weapon.h">
      <Filter>Item Files\Weapon Files</Filter>
    </ClInclude>
    <ClInclude Include="WeaponSystem.h">
      <Filter>Item Files\Weapon Files</Filter>
    </ClInclude>
    <ClInclude Include="Automatic.h">
      <Filter>Item Files\Weapon Files\Fire Modes</Filter>
    </ClInclude>
    <ClInclude Include="Beam.h">
      <Filter>Item Files\Weapon Files\Fire Modes</Filter>
    </ClInclude>
    <ClInclude Include="Burst.h">
      <Filter>Item Files\Weapon Files\Fire Modes</Filter>
    </ClInclude>
    <ClInclude Include="Charge.h">
      <Filter>Item Files\Weapon Files\Fire Modes</Filter>
    </ClInclude>
    <ClInclude Include="Detonate.h">
      <Filter>Item Files\Weapon Files\Fire Modes</Filter>
    </ClInclude>
    <ClInclude Include="FreezingBeam.h">
      <Filter>Item Files\Weapon Files\Fire Modes</Filter>
    </ClInclude>
    <ClInclude Include="Melee.h">
      <Filter>Item Files\Weapon Files\Fire Modes</Filter>
    </ClInclude>
    <ClInclude Include="Plant.h">
      <Filter>Item Files\Weapon Files\Fire Modes</Filter>
    </ClInclude>
    <ClInclude Include="Rapid.h">
      <Filter>Item Files\Weapon Files\Fire Modes</Filter>
    </ClInclude>
    <ClInclude Include="Scan.h">
      <Filter>Item Files\Weapon Files\Fire Modes</Filter>
    </ClInclude>
    <ClInclude Include="Shotgun.h">
      <Filter>Item Files\Weapon Files\Fire Modes</Filter>
    </ClInclude>
    <ClInclude Include="Single.h">
      <Filter>Item Files\Weapon Files\Fire Modes</Filter>
    </ClInclude>
    <ClInclude Include="SingleTG.h">
      <Filter>Item Files\Weapon Files\Fire Modes</Filter>
    </ClInclude>
    <ClInclude Include="Throw.h">
      <Filter>Item Files\Weapon Files\Fire Modes</Filter>
    </ClInclude>
    <ClInclude Include="WorkOnTarget.h">
      <Filter>Item Files\Weapon Files\Fire Modes</Filter>
    </ClInclude>
    <ClInclude Include="AVMine.h">
      <Filter>Item Files\Weapon Files\Projectiles</Filter>
    </ClInclude>
    <ClInclude Include="Bullet.h">
      <Filter>Item Files\Weapon Files\Projectiles</Filter>
    </ClInclude>
    <ClInclude Include="C4Projectile.h">
      <Filter>Item Files\Weapon Files\Projectiles</Filter>
    </ClInclude>
    <ClInclude Include="Claymore.h">
      <Filter>Item Files\Weapon Files\Projectiles</Filter>
    </ClInclude>
    <ClInclude Include="EMPField.h">
      <Filter>Item Files\Weapon Files\Projectiles</Filter>
    </ClInclude>
    <ClInclude Include="HomingMissile.h">
      <Filter>Item Files\Weapon Files\Projectiles</Filter>
    </ClInclude>
    <ClInclude Include="Rock.h">
      <Filter>Item Files\Weapon Files\Projectiles</Filter>
    </ClInclude>
    <ClInclude Include="Rocket.h">
      <Filter>Item Files\Weapon Files\Projectiles</Filter>
    </ClInclude>
    <ClInclude Include="TacBullet.h">
      <Filter>Item Files\Weapon Files\Projectiles</Filter>
    </ClInclude>
    <ClInclude Include="TagBullet.h">
      <Filter>Item Files\Weapon Files\Projectiles</Filter>
    </ClInclude>
    <ClInclude Include="IronSight.h">
      <Filter>Item Files\Weapon Files\Zoom Modes</Filter>
    </ClInclude>
    <ClInclude Include="Scope.h">
      <Filter>Item Files\Weapon Files\Zoom Modes</Filter>
    </ClInclude>
    <ClInclude Include="AmmoPickup.h">
      <Filter>Item Files\Weapon Files\Weapons</Filter>
    </ClInclude>
    <ClInclude Include="Binocular.h">
      <Filter>Item Files\Weapon Files\Weapons</Filter>
    </ClInclude>
    <ClInclude Include="C4.h">
      <Filter>Item Files\Weapon Files\Weapons</Filter>
    </ClInclude>
    <ClInclude Include="C4Detonator.h">
      <Filter>Item Files\Weapon Files\Weapons</Filter>
    </ClInclude>
    <ClInclude Include="DebugGun.h">
      <Filter>Item Files\Weapon Files\Weapons</Filter>
    </ClInclude>
    <ClInclude Include="Fists.h">
      <Filter>Item Files\Weapon Files\Weapons</Filter>
    </ClInclude>
    <ClInclude Include="GunTurret.h">
      <Filter>Item Files\Weapon Files\Weapons</Filter>
    </ClInclude>
    <ClInclude Include="OffHand.h">
      <Filter>Item Files\Weapon Files\Weapons</Filter>
    </ClInclude>
    <ClInclude Include="ReferenceWeapon.h">
      <Filter>Item Files\Weapon Files\Weapons</Filter>
    </ClInclude>
    <ClInclude Include="RocketLauncher.h">
      <Filter>Item Files\Weapon Files\Weapons</Filter>
    </ClInclude>
    <ClInclude Include="TacLauncher.h">
      <Filter>Item Files\Weapon Files\Weapons</Filter>
    </ClInclude>
    <ClInclude Include="ThrowableWeapon.h">
      <Filter>Item Files\Weapon Files\Weapons</Filter>
    </ClInclude>
    <ClInclude Include="VehicleWeapon.h">
      <Filter>Item Files\Weapon Files\Weapons</Filter>
    </ClInclude>
    <ClInclude Include="Lam.h">
      <Filter>Item Files\Items</Filter>
    </ClInclude>
    <ClInclude Include="PlayerFeature.h">
      <Filter>Item Files\Items</Filter>
    </ClInclude>
    <ClInclude Include="LaptopUtil.h">
      <Filter>Utility</Filter>
    </ClInclude>
    <ClInclude Include="NetInputChainDebug.h">
      <Filter>Utility</Filter>
    </ClInclude>
    <ClInclude Include="ScriptUtils.h">
      <Filter>Utility</Filter>
    </ClInclude>
    <ClInclude Include="HUD\FlashPlayerNULL.h">
      <Filter>HUD</Filter>
    </ClInclude>
    <ClInclude Include="Hud\GameFlashAnimation.h">
      <Filter>HUD</Filter>
    </ClInclude>
    <ClInclude Include="HUD\GameFlashLogic.h">
      <Filter>HUD</Filter>
    </ClInclude>
    <ClInclude Include="Hud\HUD.h">
      <Filter>HUD</Filter>
    </ClInclude>
    <ClInclude Include="HUD\HUDCommon.h">
      <Filter>HUD</Filter>
    </ClInclude>
    <ClInclude Include="HUD\HUDCrosshair.h">
      <Filter>HUD</Filter>
    </ClInclude>
    <ClInclude Include="HUD\HUDEnums.h">
      <Filter>HUD</Filter>
    </ClInclude>
    <ClInclude Include="HUD\HUDInstantAction.h">
      <Filter>HUD</Filter>
    </ClInclude>
    <ClInclude Include="HUD\HUDMissionObjectiveSystem.h">
      <Filter>HUD</Filter>
    </ClInclude>
    <ClInclude Include="HUD\HUDObituary.h">
      <Filter>HUD</Filter>
    </ClInclude>
    <ClInclude Include="Hud\HUDObject.h">
      <Filter>HUD</Filter>
    </ClInclude>
    <ClInclude Include="HUD\HUDPowerStruggle.h">
      <Filter>HUD</Filter>
    </ClInclude>
    <ClInclude Include="Hud\HUDRadar.h">
      <Filter>HUD</Filter>
    </ClInclude>
    <ClInclude Include="HUD\HUDScopes.h">
      <Filter>HUD</Filter>
    </ClInclude>
    <ClInclude Include="HUD\HUDScore.h">
      <Filter>HUD</Filter>
    </ClInclude>
    <ClInclude Include="HUD\HUDSilhouettes.h">
      <Filter>HUD</Filter>
    </ClInclude>
    <ClInclude Include="HUD\HUDTagNames.h">
      <Filter>HUD</Filter>
    </ClInclude>
    <ClInclude Include="HUD\HUDTeamInstantAction.h">
      <Filter>HUD</Filter>
    </ClInclude>
    <ClInclude Include="HUD\HUDTextArea.h">
      <Filter>HUD</Filter>
    </ClInclude>
    <ClInclude Include="HUD\HUDTextChat.h">
      <Filter>HUD</Filter>
    </ClInclude>
    <ClInclude Include="HUD\HUDVehicleInterface.h">
      <Filter>HUD</Filter>
    </ClInclude>
    <ClInclude Include="HUD\ScriptBind_HUD.h">
      <Filter>HUD</Filter>
    </ClInclude>
    <ClInclude Include="HUD\Tweaks\HUDTweakMenu.h">
      <Filter>HUD\Tweaks</Filter>
    </ClInclude>
    <ClInclude Include="HUD\Tweaks\TweakCommon.h">
      <Filter>HUD\Tweaks</Filter>
    </ClInclude>
    <ClInclude Include="HUD\Tweaks\TweakMenu.h">
      <Filter>HUD\Tweaks</Filter>
    </ClInclude>
    <ClInclude Include="HUD\Tweaks\TweakMetadata.h">
      <Filter>HUD\Tweaks</Filter>
    </ClInclude>
    <ClInclude Include="HUD\Tweaks\TweakMetadataCVAR.h">
      <Filter>HUD\Tweaks</Filter>
    </ClInclude>
    <ClInclude Include="HUD\Tweaks\TweakMetadataLUA.h">
      <Filter>HUD\Tweaks</Filter>
    </ClInclude>
    <ClInclude Include="HUD\Tweaks\TweakTraverser.h">
      <Filter>HUD\Tweaks</Filter>
    </ClInclude>
    <ClInclude Include="GameRules.h">
      <Filter>GameRules</Filter>
    </ClInclude>
    <ClInclude Include="ScriptBind_GameRules.h">
      <Filter>GameRules</Filter>
    </ClInclude>
    <ClInclude Include="ShotValidator.h">
      <Filter>GameRules</Filter>
    </ClInclude>
    <ClInclude Include="Nodes\G2FlowBaseNode.h">
      <Filter>Nodes</Filter>
    </ClInclude>
    <ClInclude Include="Menus\CreateGame.h">
      <Filter>Menus</Filter>
    </ClInclude>
    <ClInclude Include="Menus\FlashMenuObject.h">
      <Filter>Menus</Filter>
    </ClInclude>
    <ClInclude Include="Menus\FlashMenuScreen.h">
      <Filter>Menus</Filter>
    </ClInclude>
    <ClInclude Include="Menus\GameNetworkProfile.h">
      <Filter>Menus</Filter>
    </ClInclude>
    <ClInclude Include="Menus\MovieManager.h">
      <Filter>Menus</Filter>
    </ClInclude>
    <ClInclude Include="Menus\MPHub.h">
      <Filter>Menus</Filter>
    </ClInclude>
    <ClInclude Include="Menus\MPLobbyUI.h">
      <Filter>Menus</Filter>
    </ClInclude>
    <ClInclude Include="Menus\MultiplayerMenu.h">
      <Filter>Menus</Filter>
    </ClInclude>
    <ClInclude Include="Menus\OptionsManager.h">
      <Filter>Menus</Filter>
    </ClInclude>
    <ClInclude Include="Menus\QuickGame.h">
      <Filter>Menus</Filter>
    </ClInclude>
    <ClInclude Include="FlashAnimation.h">
      <Filter>Flash</Filter>
    </ClInclude>
    <ClInclude Include="LCD\ILCD.h">
      <Filter>LCD</Filter>
    </ClInclude>
    <ClInclude Include="LCD\LCDImage.h">
      <Filter>LCD</Filter>
    </ClInclude>
    <ClInclude Include="LCD\LCDPage.h">
      <Filter>LCD</Filter>
    </ClInclude>
    <ClInclude Include="LCD\LCDWrapper.h">
      <Filter>LCD</Filter>
    </ClInclude>
    <ClInclude Include="LCD\Pages\GameStatus.h">
      <Filter>LCD\Pages</Filter>
    </ClInclude>
    <ClInclude Include="LCD\Pages\Loading.h">
      <Filter>LCD\Pages</Filter>
    </ClInclude>
    <ClInclude Include="LCD\Pages\Logo.h">
      <Filter>LCD\Pages</Filter>
    </ClInclude>
    <ClInclude Include="LCD\Pages\PlayerStatus.h">
      <Filter>LCD\Pages</Filter>
    </ClInclude>
    <ClInclude Include="resource.h">
      <Filter>Resources\G15\Items</Filter>
    </ClInclude>
    <ClInclude Include="Expansion\Weapons\GrenadeLaunch.h">
      <Filter>Expansion\Weapons</Filter>
    </ClInclude>
    <ClInclude Include="Expansion\Weapons\RemoteGrenade.h">
      <Filter>Expansion\Weapons</Filter>
    </ClInclude>
    <ClInclude Include="StdAfx.h" />
  </ItemGroup>
  <ItemGroup>
    <None Include="GameActions.actions">
      <Filter>Game Files</Filter>
    </None>
    <None Include="..\Launcher\Cursor_White.cur">
      <Filter>Resources</Filter>
    </None>
  </ItemGroup>
  <ItemGroup>
    <Image Include="Crysis.ico">
      <Filter>Resources</Filter>
    </Image>
    <Image Include="G15\crysis.bmp">
      <Filter>Resources\G15</Filter>
    </Image>
    <Image Include="G15\energy.bmp">
      <Filter>Resources\G15</Filter>
    </Image>
    <Image Include="G15\health.bmp">
      <Filter>Resources\G15</Filter>
    </Image>
    <Image Include="G15\objective.bmp">
      <Filter>Resources\G15</Filter>
    </Image>
    <Image Include="G15\Grenades\explosive.bmp">
      <Filter>Resources\G15\Grenades</Filter>
    </Image>
    <Image Include="G15\Grenades\flashbang.bmp">
      <Filter>Resources\G15\Grenades</Filter>
    </Image>
    <Image Include="G15\Grenades\nano.bmp">
      <Filter>Resources\G15\Grenades</Filter>
    </Image>
    <Image Include="G15\Grenades\select.bmp">
      <Filter>Resources\G15\Grenades</Filter>
    </Image>
    <Image Include="G15\Grenades\smoke.bmp">
      <Filter>Resources\G15\Grenades</Filter>
    </Image>
    <Image Include="G15\Items\ay69.bmp">
      <Filter>Resources\G15\Items</Filter>
    </Image>
    <Image Include="G15\Items\Double_Socom.bmp">
      <Filter>Resources\G15\Items</Filter>
    </Image>
    <Image Include="G15\Items\doubleay69.bmp">
      <Filter>Resources\G15\Items</Filter>
    </Image>
    <Image Include="G15\Items\dsg1.bmp">
      <Filter>Resources\G15\Items</Filter>
    </Image>
    <Image Include="G15\Items\fgl40.bmp">
      <Filter>Resources\G15\Items</Filter>
    </Image>
    <Image Include="G15\Items\fists.bmp">
      <Filter>Resources\G15\Items</Filter>
    </Image>
    <Image Include="G15\Items\fy71.bmp">
      <Filter>Resources\G15\Items</Filter>
    </Image>
    <Image Include="G15\Items\gauss.bmp">
      <Filter>Resources\G15\Items</Filter>
    </Image>
    <Image Include="G15\Items\hurricane.bmp">
      <Filter>Resources\G15\Items</Filter>
    </Image>
    <Image Include="G15\Items\Icon_c4.bmp">
      <Filter>Resources\G15\Items</Filter>
    </Image>
    <Image Include="G15\Items\Icon_claymore.bmp">
      <Filter>Resources\G15\Items</Filter>
    </Image>
    <Image Include="G15\Items\Icon_lockpick.bmp">
      <Filter>Resources\G15\Items</Filter>
    </Image>
    <Image Include="G15\Items\Icon_radar.bmp">
      <Filter>Resources\G15\Items</Filter>
    </Image>
    <Image Include="G15\Items\Icon_repair.bmp">
      <Filter>Resources\G15\Items</Filter>
    </Image>
    <Image Include="G15\Items\law.bmp">
      <Filter>Resources\G15\Items</Filter>
    </Image>
    <Image Include="G15\Items\Lockpick.bmp">
      <Filter>Resources\G15\Items</Filter>
    </Image>
    <Image Include="G15\Items\mine.BMP">
      <Filter>Resources\G15\Items</Filter>
    </Image>
    <Image Include="G15\Items\moac.bmp">
      <Filter>Resources\G15\Items</Filter>
    </Image>
    <Image Include="G15\Items\moar.bmp">
      <Filter>Resources\G15\Items</Filter>
    </Image>
    <Image Include="G15\Items\scar.bmp">
      <Filter>Resources\G15\Items</Filter>
    </Image>
    <Image Include="G15\Items\shotgun.bmp">
      <Filter>Resources\G15\Items</Filter>
    </Image>
    <Image Include="G15\Items\smg.bmp">
      <Filter>Resources\G15\Items</Filter>
    </Image>
    <Image Include="G15\Items\socom.bmp">
      <Filter>Resources\G15\Items</Filter>
    </Image>
    <Image Include="G15\Items\tacgun.bmp">
      <Filter>Resources\G15\Items</Filter>
    </Image>
    <Image Include="G15\Suit\armor20x20.bmp">
      <Filter>Resources\G15\Suit</Filter>
    </Image>
    <Image Include="G15\Suit\cloak20x20.bmp">
      <Filter>Resources\G15\Suit</Filter>
    </Image>
    <Image Include="G15\Suit\speed20x20.bmp">
      <Filter>Resources\G15\Suit</Filter>
    </Image>
    <Image Include="G15\Suit\strength20x20.bmp">
      <Filter>Resources\G15\Suit</Filter>
    </Image>
    <Image Include="G15\Vehicles\asv.bmp">
      <Filter>Resources\G15\Vehicles</Filter>
    </Image>
    <Image Include="G15\Vehicles\light4wd.bmp">
      <Filter>Resources\G15\Vehicles</Filter>
    </Image>
    <Image Include="G15\Vehicles\nkapc.bmp">
      <Filter>Resources\G15\Vehicles</Filter>
    </Image>
    <Image Include="G15\Vehicles\nkhelicopter.bmp">
      <Filter>Resources\G15\Vehicles</Filter>
    </Image>
    <Image Include="G15\Vehicles\nktactank.bmp">
      <Filter>Resources\G15\Vehicles</Filter>
    </Image>
    <Image Include="G15\Vehicles\nktruck.bmp">
      <Filter>Resources\G15\Vehicles</Filter>
    </Image>
    <Image Include="G15\Vehicles\usboat.bmp">
      <Filter>Resources\G15\Vehicles</Filter>
    </Image>
    <Image Include="G15\Vehicles\ustank.bmp">
      <Filter>Resources\G15\Vehicles</Filter>
    </Image>
  </ItemGroup>
  <ItemGroup>
    <ResourceCompile Include="GameDll.rc">
      <Filter>Resources</Filter>
    </ResourceCompile>
  </ItemGroup>
  <ItemGroup>
    <CustomBuild Include="Alien.h">
      <Filter>Actor Files\aliens</Filter>
    </CustomBuild>
  </ItemGroup>
</Project>